// !$*UTF8*$!
{
	archiveVersion = 1;
	classes = {
	};
	objectVersion = 51;
	objects = {

/* Begin PBXBuildFile section */
		12B4DB06268CC91500980C65 /* AppDelegate.swift in Sources */ = {isa = PBXBuildFile; fileRef = 12B4DB05268CC91500980C65 /* AppDelegate.swift */; };
		12B4DB08268CC91500980C65 /* SceneDelegate.swift in Sources */ = {isa = PBXBuildFile; fileRef = 12B4DB07268CC91500980C65 /* SceneDelegate.swift */; };
		12B4DB0A268CC91500980C65 /* ViewController.swift in Sources */ = {isa = PBXBuildFile; fileRef = 12B4DB09268CC91500980C65 /* ViewController.swift */; };
		12B4DB0D268CC91500980C65 /* Main.storyboard in Resources */ = {isa = PBXBuildFile; fileRef = 12B4DB0B268CC91500980C65 /* Main.storyboard */; };
		12B4DB0F268CC91800980C65 /* Assets.xcassets in Resources */ = {isa = PBXBuildFile; fileRef = 12B4DB0E268CC91800980C65 /* Assets.xcassets */; };
		12B4DB12268CC91800980C65 /* LaunchScreen.storyboard in Resources */ = {isa = PBXBuildFile; fileRef = 12B4DB10268CC91800980C65 /* LaunchScreen.storyboard */; };
		12B4DB27268CCB4800980C65 /* ApiClient.swift in Sources */ = {isa = PBXBuildFile; fileRef = 12B4DB26268CCB4800980C65 /* ApiClient.swift */; };
		12B4DB29268CCB6000980C65 /* MovieInfoModel.swift in Sources */ = {isa = PBXBuildFile; fileRef = 12B4DB28268CCB6000980C65 /* MovieInfoModel.swift */; };
		12B4DB2C268CCC8500980C65 /* Credential.swift in Sources */ = {isa = PBXBuildFile; fileRef = 12B4DB2B268CCC8500980C65 /* Credential.swift */; };
		12B4DB2F268CD10800980C65 /* UIViewController.swift in Sources */ = {isa = PBXBuildFile; fileRef = 12B4DB2E268CD10800980C65 /* UIViewController.swift */; };
		12B4DB32268CD2CD00980C65 /* WorkSans-Regular.ttf in Resources */ = {isa = PBXBuildFile; fileRef = 12B4DB31268CD2CD00980C65 /* WorkSans-Regular.ttf */; };
		12B4DB34268CD2DB00980C65 /* WorkSans-Medium.ttf in Resources */ = {isa = PBXBuildFile; fileRef = 12B4DB33268CD2DB00980C65 /* WorkSans-Medium.ttf */; };
		12B4DB36268CD2E400980C65 /* WorkSans-Light.ttf in Resources */ = {isa = PBXBuildFile; fileRef = 12B4DB35268CD2E400980C65 /* WorkSans-Light.ttf */; };
		12B4DB3C268CDEC000980C65 /* MovieTableViewCell.swift in Sources */ = {isa = PBXBuildFile; fileRef = 12B4DB3A268CDEC000980C65 /* MovieTableViewCell.swift */; };
		12B4DB3D268CDEC000980C65 /* MovieTableViewCell.xib in Resources */ = {isa = PBXBuildFile; fileRef = 12B4DB3B268CDEC000980C65 /* MovieTableViewCell.xib */; };
		12B4DB3F268CFFDF00980C65 /* UITableView.swift in Sources */ = {isa = PBXBuildFile; fileRef = 12B4DB3E268CFFDF00980C65 /* UITableView.swift */; };
		12B4DB41268D104900980C65 /* UIImage.swift in Sources */ = {isa = PBXBuildFile; fileRef = 12B4DB40268D104900980C65 /* UIImage.swift */; };
		12FF8F22268E054A00352B52 /* MovieDetailViewController.swift in Sources */ = {isa = PBXBuildFile; fileRef = 12FF8F21268E054A00352B52 /* MovieDetailViewController.swift */; };
		12FF8F25268E086200352B52 /* RoundedImageView.swift in Sources */ = {isa = PBXBuildFile; fileRef = 12FF8F24268E086200352B52 /* RoundedImageView.swift */; };
		12FF8F27268E088500352B52 /* UIView.swift in Sources */ = {isa = PBXBuildFile; fileRef = 12FF8F26268E088500352B52 /* UIView.swift */; };
		3F235813C2F736AE4EB69413 /* Pods_MovieDB.framework in Frameworks */ = {isa = PBXBuildFile; fileRef = 6999AC5D6E60A8BDF0E8D24E /* Pods_MovieDB.framework */; };
/* End PBXBuildFile section */

/* Begin PBXFileReference section */
		12B4DB02268CC91500980C65 /* MovieDB.app */ = {isa = PBXFileReference; explicitFileType = wrapper.application; includeInIndex = 0; path = MovieDB.app; sourceTree = BUILT_PRODUCTS_DIR; };
		12B4DB05268CC91500980C65 /* AppDelegate.swift */ = {isa = PBXFileReference; lastKnownFileType = sourcecode.swift; path = AppDelegate.swift; sourceTree = "<group>"; };
		12B4DB07268CC91500980C65 /* SceneDelegate.swift */ = {isa = PBXFileReference; lastKnownFileType = sourcecode.swift; path = SceneDelegate.swift; sourceTree = "<group>"; };
		12B4DB09268CC91500980C65 /* ViewController.swift */ = {isa = PBXFileReference; lastKnownFileType = sourcecode.swift; path = ViewController.swift; sourceTree = "<group>"; };
		12B4DB0C268CC91500980C65 /* Base */ = {isa = PBXFileReference; lastKnownFileType = file.storyboard; name = Base; path = Base.lproj/Main.storyboard; sourceTree = "<group>"; };
		12B4DB0E268CC91800980C65 /* Assets.xcassets */ = {isa = PBXFileReference; lastKnownFileType = folder.assetcatalog; path = Assets.xcassets; sourceTree = "<group>"; };
		12B4DB11268CC91800980C65 /* Base */ = {isa = PBXFileReference; lastKnownFileType = file.storyboard; name = Base; path = Base.lproj/LaunchScreen.storyboard; sourceTree = "<group>"; };
		12B4DB13268CC91800980C65 /* Info.plist */ = {isa = PBXFileReference; lastKnownFileType = text.plist.xml; path = Info.plist; sourceTree = "<group>"; };
		12B4DB26268CCB4800980C65 /* ApiClient.swift */ = {isa = PBXFileReference; lastKnownFileType = sourcecode.swift; path = ApiClient.swift; sourceTree = "<group>"; };
		12B4DB28268CCB6000980C65 /* MovieInfoModel.swift */ = {isa = PBXFileReference; lastKnownFileType = sourcecode.swift; path = MovieInfoModel.swift; sourceTree = "<group>"; };
		12B4DB2B268CCC8500980C65 /* Credential.swift */ = {isa = PBXFileReference; lastKnownFileType = sourcecode.swift; path = Credential.swift; sourceTree = "<group>"; };
		12B4DB2E268CD10800980C65 /* UIViewController.swift */ = {isa = PBXFileReference; lastKnownFileType = sourcecode.swift; path = UIViewController.swift; sourceTree = "<group>"; };
		12B4DB31268CD2CD00980C65 /* WorkSans-Regular.ttf */ = {isa = PBXFileReference; lastKnownFileType = file; path = "WorkSans-Regular.ttf"; sourceTree = "<group>"; };
		12B4DB33268CD2DB00980C65 /* WorkSans-Medium.ttf */ = {isa = PBXFileReference; lastKnownFileType = file; path = "WorkSans-Medium.ttf"; sourceTree = "<group>"; };
		12B4DB35268CD2E400980C65 /* WorkSans-Light.ttf */ = {isa = PBXFileReference; lastKnownFileType = file; path = "WorkSans-Light.ttf"; sourceTree = "<group>"; };
		12B4DB3A268CDEC000980C65 /* MovieTableViewCell.swift */ = {isa = PBXFileReference; lastKnownFileType = sourcecode.swift; path = MovieTableViewCell.swift; sourceTree = "<group>"; };
		12B4DB3B268CDEC000980C65 /* MovieTableViewCell.xib */ = {isa = PBXFileReference; lastKnownFileType = file.xib; path = MovieTableViewCell.xib; sourceTree = "<group>"; };
		12B4DB3E268CFFDF00980C65 /* UITableView.swift */ = {isa = PBXFileReference; lastKnownFileType = sourcecode.swift; path = UITableView.swift; sourceTree = "<group>"; };
		12B4DB40268D104900980C65 /* UIImage.swift */ = {isa = PBXFileReference; lastKnownFileType = sourcecode.swift; path = UIImage.swift; sourceTree = "<group>"; };
		12FF8F21268E054A00352B52 /* MovieDetailViewController.swift */ = {isa = PBXFileReference; lastKnownFileType = sourcecode.swift; path = MovieDetailViewController.swift; sourceTree = "<group>"; };
		12FF8F24268E086200352B52 /* RoundedImageView.swift */ = {isa = PBXFileReference; lastKnownFileType = sourcecode.swift; path = RoundedImageView.swift; sourceTree = "<group>"; };
		12FF8F26268E088500352B52 /* UIView.swift */ = {isa = PBXFileReference; lastKnownFileType = sourcecode.swift; path = UIView.swift; sourceTree = "<group>"; };
		6999AC5D6E60A8BDF0E8D24E /* Pods_MovieDB.framework */ = {isa = PBXFileReference; explicitFileType = wrapper.framework; includeInIndex = 0; path = Pods_MovieDB.framework; sourceTree = BUILT_PRODUCTS_DIR; };
		A560A594B097537B7D26E47D /* Pods-MovieDB.debug.xcconfig */ = {isa = PBXFileReference; includeInIndex = 1; lastKnownFileType = text.xcconfig; name = "Pods-MovieDB.debug.xcconfig"; path = "Target Support Files/Pods-MovieDB/Pods-MovieDB.debug.xcconfig"; sourceTree = "<group>"; };
		E8D66806D23D6D33F9AE2980 /* Pods-MovieDB.release.xcconfig */ = {isa = PBXFileReference; includeInIndex = 1; lastKnownFileType = text.xcconfig; name = "Pods-MovieDB.release.xcconfig"; path = "Target Support Files/Pods-MovieDB/Pods-MovieDB.release.xcconfig"; sourceTree = "<group>"; };
/* End PBXFileReference section */

/* Begin PBXFrameworksBuildPhase section */
		12B4DAFF268CC91500980C65 /* Frameworks */ = {
			isa = PBXFrameworksBuildPhase;
			buildActionMask = 2147483647;
			files = (
				3F235813C2F736AE4EB69413 /* Pods_MovieDB.framework in Frameworks */,
			);
			runOnlyForDeploymentPostprocessing = 0;
		};
/* End PBXFrameworksBuildPhase section */

/* Begin PBXGroup section */
		12B4DAF9268CC91500980C65 = {
			isa = PBXGroup;
			children = (
				12B4DB04268CC91500980C65 /* MovieDB */,
				12B4DB03268CC91500980C65 /* Products */,
				CE507E7CEF499CD011D5F378 /* Pods */,
				5F834C4062F248F2CC725EA5 /* Frameworks */,
			);
			sourceTree = "<group>";
		};
		12B4DB03268CC91500980C65 /* Products */ = {
			isa = PBXGroup;
			children = (
				12B4DB02268CC91500980C65 /* MovieDB.app */,
			);
			name = Products;
			sourceTree = "<group>";
		};
		12B4DB04268CC91500980C65 /* MovieDB */ = {
			isa = PBXGroup;
			children = (
				12B4DB1A268CC9DB00980C65 /* Network */,
				12B4DB1D268CC9FB00980C65 /* Resources */,
				12B4DB1B268CC9E300980C65 /* Modules */,
				12B4DB19268CC9CA00980C65 /* Helpers */,
				12B4DB1C268CC9F400980C65 /* Storyboards */,
				12B4DB20268CCA7200980C65 /* ViewControllers */,
				12B4DB13268CC91800980C65 /* Info.plist */,
			);
			path = MovieDB;
			sourceTree = "<group>";
		};
		12B4DB19268CC9CA00980C65 /* Helpers */ = {
			isa = PBXGroup;
			children = (
				12FF8F23268E084700352B52 /* CustomViews */,
				12B4DB2D268CD0FF00980C65 /* Extensions */,
				12B4DB1F268CCA2100980C65 /* Delegates */,
				12B4DB2B268CCC8500980C65 /* Credential.swift */,
			);
			path = Helpers;
			sourceTree = "<group>";
		};
		12B4DB1A268CC9DB00980C65 /* Network */ = {
			isa = PBXGroup;
			children = (
				12B4DB23268CCAC300980C65 /* Model */,
				12B4DB22268CCABE00980C65 /* API */,
			);
			path = Network;
			sourceTree = "<group>";
		};
		12B4DB1B268CC9E300980C65 /* Modules */ = {
			isa = PBXGroup;
			children = (
				12B4DB37268CDE5C00980C65 /* Cells */,
			);
			path = Modules;
			sourceTree = "<group>";
		};
		12B4DB1C268CC9F400980C65 /* Storyboards */ = {
			isa = PBXGroup;
			children = (
				12B4DB0B268CC91500980C65 /* Main.storyboard */,
				12B4DB10268CC91800980C65 /* LaunchScreen.storyboard */,
			);
			path = Storyboards;
			sourceTree = "<group>";
		};
		12B4DB1D268CC9FB00980C65 /* Resources */ = {
			isa = PBXGroup;
			children = (
				12B4DB1E268CCA0900980C65 /* Fonts */,
				12B4DB0E268CC91800980C65 /* Assets.xcassets */,
			);
			path = Resources;
			sourceTree = "<group>";
		};
		12B4DB1E268CCA0900980C65 /* Fonts */ = {
			isa = PBXGroup;
			children = (
				12B4DB30268CD2BA00980C65 /* WorkSans */,
			);
			path = Fonts;
			sourceTree = "<group>";
		};
		12B4DB1F268CCA2100980C65 /* Delegates */ = {
			isa = PBXGroup;
			children = (
				12B4DB05268CC91500980C65 /* AppDelegate.swift */,
				12B4DB07268CC91500980C65 /* SceneDelegate.swift */,
			);
			path = Delegates;
			sourceTree = "<group>";
		};
		12B4DB20268CCA7200980C65 /* ViewControllers */ = {
			isa = PBXGroup;
			children = (
				12B4DB09268CC91500980C65 /* ViewController.swift */,
				12FF8F21268E054A00352B52 /* MovieDetailViewController.swift */,
			);
			path = ViewControllers;
			sourceTree = "<group>";
		};
		12B4DB22268CCABE00980C65 /* API */ = {
			isa = PBXGroup;
			children = (
				12B4DB26268CCB4800980C65 /* ApiClient.swift */,
			);
			path = API;
			sourceTree = "<group>";
		};
		12B4DB23268CCAC300980C65 /* Model */ = {
			isa = PBXGroup;
			children = (
				12B4DB28268CCB6000980C65 /* MovieInfoModel.swift */,
			);
			path = Model;
			sourceTree = "<group>";
		};
		12B4DB2D268CD0FF00980C65 /* Extensions */ = {
			isa = PBXGroup;
			children = (
				12B4DB2E268CD10800980C65 /* UIViewController.swift */,
				12B4DB3E268CFFDF00980C65 /* UITableView.swift */,
				12B4DB40268D104900980C65 /* UIImage.swift */,
				12FF8F26268E088500352B52 /* UIView.swift */,
			);
			path = Extensions;
			sourceTree = "<group>";
		};
		12B4DB30268CD2BA00980C65 /* WorkSans */ = {
			isa = PBXGroup;
			children = (
				12B4DB33268CD2DB00980C65 /* WorkSans-Medium.ttf */,
				12B4DB35268CD2E400980C65 /* WorkSans-Light.ttf */,
				12B4DB31268CD2CD00980C65 /* WorkSans-Regular.ttf */,
			);
			path = WorkSans;
			sourceTree = "<group>";
		};
		12B4DB37268CDE5C00980C65 /* Cells */ = {
			isa = PBXGroup;
			children = (
				12B4DB39268CDE6900980C65 /* TableView */,
				12B4DB38268CDE6100980C65 /* CollectionView */,
			);
			path = Cells;
			sourceTree = "<group>";
		};
		12B4DB38268CDE6100980C65 /* CollectionView */ = {
			isa = PBXGroup;
			children = (
			);
			path = CollectionView;
			sourceTree = "<group>";
		};
		12B4DB39268CDE6900980C65 /* TableView */ = {
			isa = PBXGroup;
			children = (
				12B4DB3A268CDEC000980C65 /* MovieTableViewCell.swift */,
				12B4DB3B268CDEC000980C65 /* MovieTableViewCell.xib */,
			);
			path = TableView;
			sourceTree = "<group>";
		};
		12FF8F23268E084700352B52 /* CustomViews */ = {
			isa = PBXGroup;
			children = (
				12FF8F24268E086200352B52 /* RoundedImageView.swift */,
			);
			path = CustomViews;
			sourceTree = "<group>";
		};
		5F834C4062F248F2CC725EA5 /* Frameworks */ = {
			isa = PBXGroup;
			children = (
				6999AC5D6E60A8BDF0E8D24E /* Pods_MovieDB.framework */,
			);
			name = Frameworks;
			sourceTree = "<group>";
		};
		CE507E7CEF499CD011D5F378 /* Pods */ = {
			isa = PBXGroup;
			children = (
				A560A594B097537B7D26E47D /* Pods-MovieDB.debug.xcconfig */,
				E8D66806D23D6D33F9AE2980 /* Pods-MovieDB.release.xcconfig */,
			);
			path = Pods;
			sourceTree = "<group>";
		};
/* End PBXGroup section */

/* Begin PBXNativeTarget section */
		12B4DB01268CC91500980C65 /* MovieDB */ = {
			isa = PBXNativeTarget;
			buildConfigurationList = 12B4DB16268CC91800980C65 /* Build configuration list for PBXNativeTarget "MovieDB" */;
			buildPhases = (
				9C46091F12414B2B4DBE950B /* [CP] Check Pods Manifest.lock */,
				12B4DAFE268CC91500980C65 /* Sources */,
				12B4DAFF268CC91500980C65 /* Frameworks */,
				12B4DB00268CC91500980C65 /* Resources */,
				875A117112A5C263DCC3C576 /* [CP] Embed Pods Frameworks */,
			);
			buildRules = (
			);
			dependencies = (
			);
			name = MovieDB;
			productName = MovieDB;
			productReference = 12B4DB02268CC91500980C65 /* MovieDB.app */;
			productType = "com.apple.product-type.application";
		};
/* End PBXNativeTarget section */

/* Begin PBXProject section */
		12B4DAFA268CC91500980C65 /* Project object */ = {
			isa = PBXProject;
			attributes = {
				LastSwiftUpdateCheck = 1250;
				LastUpgradeCheck = 1250;
				TargetAttributes = {
					12B4DB01268CC91500980C65 = {
						CreatedOnToolsVersion = 12.5.1;
					};
				};
			};
			buildConfigurationList = 12B4DAFD268CC91500980C65 /* Build configuration list for PBXProject "MovieDB" */;
			compatibilityVersion = "Xcode 9.3";
			developmentRegion = en;
			hasScannedForEncodings = 0;
			knownRegions = (
				en,
				Base,
			);
			mainGroup = 12B4DAF9268CC91500980C65;
			productRefGroup = 12B4DB03268CC91500980C65 /* Products */;
			projectDirPath = "";
			projectRoot = "";
			targets = (
				12B4DB01268CC91500980C65 /* MovieDB */,
			);
		};
/* End PBXProject section */

/* Begin PBXResourcesBuildPhase section */
		12B4DB00268CC91500980C65 /* Resources */ = {
			isa = PBXResourcesBuildPhase;
			buildActionMask = 2147483647;
			files = (
				12B4DB12268CC91800980C65 /* LaunchScreen.storyboard in Resources */,
				12B4DB3D268CDEC000980C65 /* MovieTableViewCell.xib in Resources */,
				12B4DB36268CD2E400980C65 /* WorkSans-Light.ttf in Resources */,
				12B4DB0F268CC91800980C65 /* Assets.xcassets in Resources */,
				12B4DB0D268CC91500980C65 /* Main.storyboard in Resources */,
				12B4DB34268CD2DB00980C65 /* WorkSans-Medium.ttf in Resources */,
				12B4DB32268CD2CD00980C65 /* WorkSans-Regular.ttf in Resources */,
			);
			runOnlyForDeploymentPostprocessing = 0;
		};
/* End PBXResourcesBuildPhase section */

/* Begin PBXShellScriptBuildPhase section */
		875A117112A5C263DCC3C576 /* [CP] Embed Pods Frameworks */ = {
			isa = PBXShellScriptBuildPhase;
			buildActionMask = 2147483647;
			files = (
			);
			inputFileListPaths = (
				"${PODS_ROOT}/Target Support Files/Pods-MovieDB/Pods-MovieDB-frameworks-${CONFIGURATION}-input-files.xcfilelist",
			);
			name = "[CP] Embed Pods Frameworks";
			outputFileListPaths = (
				"${PODS_ROOT}/Target Support Files/Pods-MovieDB/Pods-MovieDB-frameworks-${CONFIGURATION}-output-files.xcfilelist",
			);
			runOnlyForDeploymentPostprocessing = 0;
			shellPath = /bin/sh;
			shellScript = "\"${PODS_ROOT}/Target Support Files/Pods-MovieDB/Pods-MovieDB-frameworks.sh\"\n";
			showEnvVarsInLog = 0;
		};
		9C46091F12414B2B4DBE950B /* [CP] Check Pods Manifest.lock */ = {
			isa = PBXShellScriptBuildPhase;
			buildActionMask = 2147483647;
			files = (
			);
			inputFileListPaths = (
			);
			inputPaths = (
				"${PODS_PODFILE_DIR_PATH}/Podfile.lock",
				"${PODS_ROOT}/Manifest.lock",
			);
			name = "[CP] Check Pods Manifest.lock";
			outputFileListPaths = (
			);
			outputPaths = (
				"$(DERIVED_FILE_DIR)/Pods-MovieDB-checkManifestLockResult.txt",
			);
			runOnlyForDeploymentPostprocessing = 0;
			shellPath = /bin/sh;
			shellScript = "diff \"${PODS_PODFILE_DIR_PATH}/Podfile.lock\" \"${PODS_ROOT}/Manifest.lock\" > /dev/null\nif [ $? != 0 ] ; then\n    # print error to STDERR\n    echo \"error: The sandbox is not in sync with the Podfile.lock. Run 'pod install' or update your CocoaPods installation.\" >&2\n    exit 1\nfi\n# This output is used by Xcode 'outputs' to avoid re-running this script phase.\necho \"SUCCESS\" > \"${SCRIPT_OUTPUT_FILE_0}\"\n";
			showEnvVarsInLog = 0;
		};
/* End PBXShellScriptBuildPhase section */

/* Begin PBXSourcesBuildPhase section */
		12B4DAFE268CC91500980C65 /* Sources */ = {
			isa = PBXSourcesBuildPhase;
			buildActionMask = 2147483647;
			files = (
				12FF8F27268E088500352B52 /* UIView.swift in Sources */,
				12B4DB2F268CD10800980C65 /* UIViewController.swift in Sources */,
				12B4DB41268D104900980C65 /* UIImage.swift in Sources */,
				12B4DB0A268CC91500980C65 /* ViewController.swift in Sources */,
				12B4DB29268CCB6000980C65 /* MovieInfoModel.swift in Sources */,
				12B4DB06268CC91500980C65 /* AppDelegate.swift in Sources */,
				12B4DB08268CC91500980C65 /* SceneDelegate.swift in Sources */,
				12B4DB3F268CFFDF00980C65 /* UITableView.swift in Sources */,
				12B4DB2C268CCC8500980C65 /* Credential.swift in Sources */,
				12FF8F25268E086200352B52 /* RoundedImageView.swift in Sources */,
				12B4DB3C268CDEC000980C65 /* MovieTableViewCell.swift in Sources */,
				12FF8F22268E054A00352B52 /* MovieDetailViewController.swift in Sources */,
				12B4DB27268CCB4800980C65 /* ApiClient.swift in Sources */,
			);
			runOnlyForDeploymentPostprocessing = 0;
		};
/* End PBXSourcesBuildPhase section */

/* Begin PBXVariantGroup section */
		12B4DB0B268CC91500980C65 /* Main.storyboard */ = {
			isa = PBXVariantGroup;
			children = (
				12B4DB0C268CC91500980C65 /* Base */,
			);
			name = Main.storyboard;
			sourceTree = "<group>";
		};
		12B4DB10268CC91800980C65 /* LaunchScreen.storyboard */ = {
			isa = PBXVariantGroup;
			children = (
				12B4DB11268CC91800980C65 /* Base */,
			);
			name = LaunchScreen.storyboard;
			sourceTree = "<group>";
		};
/* End PBXVariantGroup section */

/* Begin XCBuildConfiguration section */
		12B4DB14268CC91800980C65 /* Debug */ = {
			isa = XCBuildConfiguration;
			buildSettings = {
				ALWAYS_SEARCH_USER_PATHS = NO;
				CLANG_ANALYZER_NONNULL = YES;
				CLANG_ANALYZER_NUMBER_OBJECT_CONVERSION = YES_AGGRESSIVE;
				CLANG_CXX_LANGUAGE_STANDARD = "gnu++14";
				CLANG_CXX_LIBRARY = "libc++";
				CLANG_ENABLE_MODULES = YES;
				CLANG_ENABLE_OBJC_ARC = YES;
				CLANG_ENABLE_OBJC_WEAK = YES;
				CLANG_WARN_BLOCK_CAPTURE_AUTORELEASING = YES;
				CLANG_WARN_BOOL_CONVERSION = YES;
				CLANG_WARN_COMMA = YES;
				CLANG_WARN_CONSTANT_CONVERSION = YES;
				CLANG_WARN_DEPRECATED_OBJC_IMPLEMENTATIONS = YES;
				CLANG_WARN_DIRECT_OBJC_ISA_USAGE = YES_ERROR;
				CLANG_WARN_DOCUMENTATION_COMMENTS = YES;
				CLANG_WARN_EMPTY_BODY = YES;
				CLANG_WARN_ENUM_CONVERSION = YES;
				CLANG_WARN_INFINITE_RECURSION = YES;
				CLANG_WARN_INT_CONVERSION = YES;
				CLANG_WARN_NON_LITERAL_NULL_CONVERSION = YES;
				CLANG_WARN_OBJC_IMPLICIT_RETAIN_SELF = YES;
				CLANG_WARN_OBJC_LITERAL_CONVERSION = YES;
				CLANG_WARN_OBJC_ROOT_CLASS = YES_ERROR;
				CLANG_WARN_QUOTED_INCLUDE_IN_FRAMEWORK_HEADER = YES;
				CLANG_WARN_RANGE_LOOP_ANALYSIS = YES;
				CLANG_WARN_STRICT_PROTOTYPES = YES;
				CLANG_WARN_SUSPICIOUS_MOVE = YES;
				CLANG_WARN_UNGUARDED_AVAILABILITY = YES_AGGRESSIVE;
				CLANG_WARN_UNREACHABLE_CODE = YES;
				CLANG_WARN__DUPLICATE_METHOD_MATCH = YES;
				COPY_PHASE_STRIP = NO;
				DEBUG_INFORMATION_FORMAT = dwarf;
				ENABLE_STRICT_OBJC_MSGSEND = YES;
				ENABLE_TESTABILITY = YES;
				GCC_C_LANGUAGE_STANDARD = gnu11;
				GCC_DYNAMIC_NO_PIC = NO;
				GCC_NO_COMMON_BLOCKS = YES;
				GCC_OPTIMIZATION_LEVEL = 0;
				GCC_PREPROCESSOR_DEFINITIONS = (
					"DEBUG=1",
					"$(inherited)",
				);
				GCC_WARN_64_TO_32_BIT_CONVERSION = YES;
				GCC_WARN_ABOUT_RETURN_TYPE = YES_ERROR;
				GCC_WARN_UNDECLARED_SELECTOR = YES;
				GCC_WARN_UNINITIALIZED_AUTOS = YES_AGGRESSIVE;
				GCC_WARN_UNUSED_FUNCTION = YES;
				GCC_WARN_UNUSED_VARIABLE = YES;
				IPHONEOS_DEPLOYMENT_TARGET = 14.5;
				MTL_ENABLE_DEBUG_INFO = INCLUDE_SOURCE;
				MTL_FAST_MATH = YES;
				ONLY_ACTIVE_ARCH = YES;
				SDKROOT = iphoneos;
				SWIFT_ACTIVE_COMPILATION_CONDITIONS = DEBUG;
				SWIFT_OPTIMIZATION_LEVEL = "-Onone";
			};
			name = Debug;
		};
		12B4DB15268CC91800980C65 /* Release */ = {
			isa = XCBuildConfiguration;
			buildSettings = {
				ALWAYS_SEARCH_USER_PATHS = NO;
				CLANG_ANALYZER_NONNULL = YES;
				CLANG_ANALYZER_NUMBER_OBJECT_CONVERSION = YES_AGGRESSIVE;
				CLANG_CXX_LANGUAGE_STANDARD = "gnu++14";
				CLANG_CXX_LIBRARY = "libc++";
				CLANG_ENABLE_MODULES = YES;
				CLANG_ENABLE_OBJC_ARC = YES;
				CLANG_ENABLE_OBJC_WEAK = YES;
				CLANG_WARN_BLOCK_CAPTURE_AUTORELEASING = YES;
				CLANG_WARN_BOOL_CONVERSION = YES;
				CLANG_WARN_COMMA = YES;
				CLANG_WARN_CONSTANT_CONVERSION = YES;
				CLANG_WARN_DEPRECATED_OBJC_IMPLEMENTATIONS = YES;
				CLANG_WARN_DIRECT_OBJC_ISA_USAGE = YES_ERROR;
				CLANG_WARN_DOCUMENTATION_COMMENTS = YES;
				CLANG_WARN_EMPTY_BODY = YES;
				CLANG_WARN_ENUM_CONVERSION = YES;
				CLANG_WARN_INFINITE_RECURSION = YES;
				CLANG_WARN_INT_CONVERSION = YES;
				CLANG_WARN_NON_LITERAL_NULL_CONVERSION = YES;
				CLANG_WARN_OBJC_IMPLICIT_RETAIN_SELF = YES;
				CLANG_WARN_OBJC_LITERAL_CONVERSION = YES;
				CLANG_WARN_OBJC_ROOT_CLASS = YES_ERROR;
				CLANG_WARN_QUOTED_INCLUDE_IN_FRAMEWORK_HEADER = YES;
				CLANG_WARN_RANGE_LOOP_ANALYSIS = YES;
				CLANG_WARN_STRICT_PROTOTYPES = YES;
				CLANG_WARN_SUSPICIOUS_MOVE = YES;
				CLANG_WARN_UNGUARDED_AVAILABILITY = YES_AGGRESSIVE;
				CLANG_WARN_UNREACHABLE_CODE = YES;
				CLANG_WARN__DUPLICATE_METHOD_MATCH = YES;
				COPY_PHASE_STRIP = NO;
				DEBUG_INFORMATION_FORMAT = "dwarf-with-dsym";
				ENABLE_NS_ASSERTIONS = NO;
				ENABLE_STRICT_OBJC_MSGSEND = YES;
				GCC_C_LANGUAGE_STANDARD = gnu11;
				GCC_NO_COMMON_BLOCKS = YES;
				GCC_WARN_64_TO_32_BIT_CONVERSION = YES;
				GCC_WARN_ABOUT_RETURN_TYPE = YES_ERROR;
				GCC_WARN_UNDECLARED_SELECTOR = YES;
				GCC_WARN_UNINITIALIZED_AUTOS = YES_AGGRESSIVE;
				GCC_WARN_UNUSED_FUNCTION = YES;
				GCC_WARN_UNUSED_VARIABLE = YES;
				IPHONEOS_DEPLOYMENT_TARGET = 14.5;
				MTL_ENABLE_DEBUG_INFO = NO;
				MTL_FAST_MATH = YES;
				SDKROOT = iphoneos;
				SWIFT_COMPILATION_MODE = wholemodule;
				SWIFT_OPTIMIZATION_LEVEL = "-O";
				VALIDATE_PRODUCT = YES;
			};
			name = Release;
		};
		12B4DB17268CC91800980C65 /* Debug */ = {
			isa = XCBuildConfiguration;
			baseConfigurationReference = A560A594B097537B7D26E47D /* Pods-MovieDB.debug.xcconfig */;
			buildSettings = {
				ASSETCATALOG_COMPILER_APPICON_NAME = AppIcon;
				ASSETCATALOG_COMPILER_GLOBAL_ACCENT_COLOR_NAME = AccentColor;
				CODE_SIGN_STYLE = Automatic;
				DEVELOPMENT_TEAM = V7ABKT6N22;
				INFOPLIST_FILE = MovieDB/Info.plist;
				LD_RUNPATH_SEARCH_PATHS = (
					"$(inherited)",
					"@executable_path/Frameworks",
				);
				PRODUCT_BUNDLE_IDENTIFIER = com.oguzkr.MovieDB;
				PRODUCT_NAME = "$(TARGET_NAME)";
				SWIFT_VERSION = 5.0;
				TARGETED_DEVICE_FAMILY = 1;
			};
			name = Debug;
		};
		12B4DB18268CC91800980C65 /* Release */ = {
			isa = XCBuildConfiguration;
			baseConfigurationReference = E8D66806D23D6D33F9AE2980 /* Pods-MovieDB.release.xcconfig */;
			buildSettings = {
				ASSETCATALOG_COMPILER_APPICON_NAME = AppIcon;
				ASSETCATALOG_COMPILER_GLOBAL_ACCENT_COLOR_NAME = AccentColor;
				CODE_SIGN_STYLE = Automatic;
				DEVELOPMENT_TEAM = V7ABKT6N22;
				INFOPLIST_FILE = MovieDB/Info.plist;
				LD_RUNPATH_SEARCH_PATHS = (
					"$(inherited)",
					"@executable_path/Frameworks",
				);
				PRODUCT_BUNDLE_IDENTIFIER = com.oguzkr.MovieDB;
				PRODUCT_NAME = "$(TARGET_NAME)";
				SWIFT_VERSION = 5.0;
				TARGETED_DEVICE_FAMILY = 1;
			};
			name = Release;
		};
/* End XCBuildConfiguration section */

/* Begin XCConfigurationList section */
		12B4DAFD268CC91500980C65 /* Build configuration list for PBXProject "MovieDB" */ = {
			isa = XCConfigurationList;
			buildConfigurations = (
				12B4DB14268CC91800980C65 /* Debug */,
				12B4DB15268CC91800980C65 /* Release */,
			);
			defaultConfigurationIsVisible = 0;
			defaultConfigurationName = Release;
		};
		12B4DB16268CC91800980C65 /* Build configuration list for PBXNativeTarget "MovieDB" */ = {
			isa = XCConfigurationList;
			buildConfigurations = (
				12B4DB17268CC91800980C65 /* Debug */,
				12B4DB18268CC91800980C65 /* Release */,
			);
			defaultConfigurationIsVisible = 0;
			defaultConfigurationName = Release;
		};
/* End XCConfigurationList section */
	};
	rootObject = 12B4DAFA268CC91500980C65 /* Project object */;
}
